// !$*UTF8*$!
{
	archiveVersion = 1;
	classes = {
	};
	objectVersion = 54;
	objects = {

/* Begin PBXBuildFile section */
		00E356F31AD99517003FC87E /* DMSTests.m in Sources */ = {isa = PBXBuildFile; fileRef = 00E356F21AD99517003FC87E /* DMSTests.m */; };
		112FA1E87DB74F598C87B51C /* SF-Pro-Display-Light.ttf in Resources */ = {isa = PBXBuildFile; fileRef = CE7B73780E5A4E6B9EC659F8 /* SF-Pro-Display-Light.ttf */; };
		13B07FBC1A68108700A75B9A /* AppDelegate.mm in Sources */ = {isa = PBXBuildFile; fileRef = 13B07FB01A68108700A75B9A /* AppDelegate.mm */; };
		13B07FC11A68108700A75B9A /* main.m in Sources */ = {isa = PBXBuildFile; fileRef = 13B07FB71A68108700A75B9A /* main.m */; };
		19C51F8404F24762AF307E28 /* SF-Pro-Display-Heavy.ttf in Resources */ = {isa = PBXBuildFile; fileRef = 757539F9222145F0875B5AF8 /* SF-Pro-Display-Heavy.ttf */; };
		3B619080E9C1F597533F45E8 /* libPods-DMS.a in Frameworks */ = {isa = PBXBuildFile; fileRef = 7D6C468B8A5D8D767AEE30C0 /* libPods-DMS.a */; };
		3BA899B5D7D24A69A5428B2F /* SF-Pro-Display-Regular.ttf in Resources */ = {isa = PBXBuildFile; fileRef = AFB8556F35864F1BAF368C21 /* SF-Pro-Display-Regular.ttf */; };
		6ACB8476A34F4FFEAABCC98B /* SF-Pro-Display-Bold.ttf in Resources */ = {isa = PBXBuildFile; fileRef = F2B948C158544CCEA5102AAF /* SF-Pro-Display-Bold.ttf */; };
		81AB9BB82411601600AC10FF /* LaunchScreen.storyboard in Resources */ = {isa = PBXBuildFile; fileRef = 81AB9BB72411601600AC10FF /* LaunchScreen.storyboard */; };
		8A1099BA2B1847C900E1435A /* Fontisto.ttf in Resources */ = {isa = PBXBuildFile; fileRef = 8A1099A72B1847C900E1435A /* Fontisto.ttf */; };
		8A1099BB2B1847C900E1435A /* Octicons.ttf in Resources */ = {isa = PBXBuildFile; fileRef = 8A1099A82B1847C900E1435A /* Octicons.ttf */; };
		8A1099BC2B1847C900E1435A /* Feather.ttf in Resources */ = {isa = PBXBuildFile; fileRef = 8A1099A92B1847C900E1435A /* Feather.ttf */; };
		8A1099BD2B1847C900E1435A /* FontAwesome6_Regular.ttf in Resources */ = {isa = PBXBuildFile; fileRef = 8A1099AA2B1847C900E1435A /* FontAwesome6_Regular.ttf */; };
		8A1099BE2B1847C900E1435A /* Entypo.ttf in Resources */ = {isa = PBXBuildFile; fileRef = 8A1099AB2B1847C900E1435A /* Entypo.ttf */; };
		8A1099BF2B1847C900E1435A /* FontAwesome5_Brands.ttf in Resources */ = {isa = PBXBuildFile; fileRef = 8A1099AC2B1847C900E1435A /* FontAwesome5_Brands.ttf */; };
		8A1099C02B1847C900E1435A /* MaterialCommunityIcons.ttf in Resources */ = {isa = PBXBuildFile; fileRef = 8A1099AD2B1847C900E1435A /* MaterialCommunityIcons.ttf */; };
		8A1099C12B1847C900E1435A /* AntDesign.ttf in Resources */ = {isa = PBXBuildFile; fileRef = 8A1099AE2B1847C900E1435A /* AntDesign.ttf */; };
		8A1099C22B1847C900E1435A /* Foundation.ttf in Resources */ = {isa = PBXBuildFile; fileRef = 8A1099AF2B1847C900E1435A /* Foundation.ttf */; };
		8A1099C32B1847C900E1435A /* Ionicons.ttf in Resources */ = {isa = PBXBuildFile; fileRef = 8A1099B02B1847C900E1435A /* Ionicons.ttf */; };
		8A1099C42B1847C900E1435A /* FontAwesome5_Solid.ttf in Resources */ = {isa = PBXBuildFile; fileRef = 8A1099B12B1847C900E1435A /* FontAwesome5_Solid.ttf */; };
		8A1099C52B1847C900E1435A /* FontAwesome5_Regular.ttf in Resources */ = {isa = PBXBuildFile; fileRef = 8A1099B22B1847C900E1435A /* FontAwesome5_Regular.ttf */; };
		8A1099C62B1847C900E1435A /* FontAwesome.ttf in Resources */ = {isa = PBXBuildFile; fileRef = 8A1099B32B1847C900E1435A /* FontAwesome.ttf */; };
		8A1099C72B1847C900E1435A /* Zocial.ttf in Resources */ = {isa = PBXBuildFile; fileRef = 8A1099B42B1847C900E1435A /* Zocial.ttf */; };
		8A1099C82B1847C900E1435A /* EvilIcons.ttf in Resources */ = {isa = PBXBuildFile; fileRef = 8A1099B52B1847C900E1435A /* EvilIcons.ttf */; };
		8A1099C92B1847C900E1435A /* FontAwesome6_Solid.ttf in Resources */ = {isa = PBXBuildFile; fileRef = 8A1099B62B1847C900E1435A /* FontAwesome6_Solid.ttf */; };
		8A1099CA2B1847C900E1435A /* SimpleLineIcons.ttf in Resources */ = {isa = PBXBuildFile; fileRef = 8A1099B72B1847C900E1435A /* SimpleLineIcons.ttf */; };
		8A1099CB2B1847C900E1435A /* FontAwesome6_Brands.ttf in Resources */ = {isa = PBXBuildFile; fileRef = 8A1099B82B1847C900E1435A /* FontAwesome6_Brands.ttf */; };
		8A1099CC2B1847C900E1435A /* MaterialIcons.ttf in Resources */ = {isa = PBXBuildFile; fileRef = 8A1099B92B1847C900E1435A /* MaterialIcons.ttf */; };
		8E93C6E34DF0BA573FC2EE8F /* ExpoModulesProvider.swift in Sources */ = {isa = PBXBuildFile; fileRef = 11B173BD5BC2B065BDEA7DCE /* ExpoModulesProvider.swift */; };
		9279090B9EB145D89A21A297 /* SF-Pro-Display-Black.ttf in Resources */ = {isa = PBXBuildFile; fileRef = 9858CB14A1AA4E57BB89A006 /* SF-Pro-Display-Black.ttf */; };
		946C2A8A868D7E4476C02B01 /* ExpoModulesProvider.swift in Sources */ = {isa = PBXBuildFile; fileRef = F33C535FB06B25050AEF29D0 /* ExpoModulesProvider.swift */; };
		C995DABB2BA0427D0001CC28 /* Images.xcassets in Resources */ = {isa = PBXBuildFile; fileRef = C995DABA2BA0427C0001CC28 /* Images.xcassets */; };
		C9E9CEF22B479B1000157D58 /* AppCenter-Config.plist in Resources */ = {isa = PBXBuildFile; fileRef = C9E9CEF12B479B0F00157D58 /* AppCenter-Config.plist */; };
		C9F95DDA2B2D3D9900626856 /* fonts in Resources */ = {isa = PBXBuildFile; fileRef = C9F95DD92B2D3D9900626856 /* fonts */; };
		CA027E128CDD4E488E254166 /* SF-Pro-Display-Medium.ttf in Resources */ = {isa = PBXBuildFile; fileRef = BF58B281E448485F9587267C /* SF-Pro-Display-Medium.ttf */; };
		CA3923D6D2964F77A7D1C1C1 /* SF-Pro-Display-Thin.ttf in Resources */ = {isa = PBXBuildFile; fileRef = FF0D3A70BCBF46C69323C71F /* SF-Pro-Display-Thin.ttf */; };
		DD9BBBACD774C34C3A447F7B /* libPods-DMS-DMSTests.a in Frameworks */ = {isa = PBXBuildFile; fileRef = 04B790FB2A951D929F26A7FD /* libPods-DMS-DMSTests.a */; };
/* End PBXBuildFile section */

/* Begin PBXContainerItemProxy section */
		00E356F41AD99517003FC87E /* PBXContainerItemProxy */ = {
			isa = PBXContainerItemProxy;
			containerPortal = 83CBB9F71A601CBA00E9B192 /* Project object */;
			proxyType = 1;
			remoteGlobalIDString = 13B07F861A680F5B00A75B9A;
			remoteInfo = DMS;
		};
/* End PBXContainerItemProxy section */

/* Begin PBXFileReference section */
		00E356EE1AD99517003FC87E /* DMSTests.xctest */ = {isa = PBXFileReference; explicitFileType = wrapper.cfbundle; includeInIndex = 0; path = DMSTests.xctest; sourceTree = BUILT_PRODUCTS_DIR; };
		00E356F11AD99517003FC87E /* Info.plist */ = {isa = PBXFileReference; lastKnownFileType = text.plist.xml; path = Info.plist; sourceTree = "<group>"; };
		00E356F21AD99517003FC87E /* DMSTests.m */ = {isa = PBXFileReference; lastKnownFileType = sourcecode.c.objc; path = DMSTests.m; sourceTree = "<group>"; };
		04B790FB2A951D929F26A7FD /* libPods-DMS-DMSTests.a */ = {isa = PBXFileReference; explicitFileType = archive.ar; includeInIndex = 0; path = "libPods-DMS-DMSTests.a"; sourceTree = BUILT_PRODUCTS_DIR; };
		11B173BD5BC2B065BDEA7DCE /* ExpoModulesProvider.swift */ = {isa = PBXFileReference; includeInIndex = 1; lastKnownFileType = sourcecode.swift; name = ExpoModulesProvider.swift; path = "Pods/Target Support Files/Pods-DMS-DMSTests/ExpoModulesProvider.swift"; sourceTree = "<group>"; };
		13B07F961A680F5B00A75B9A /* DMS.app */ = {isa = PBXFileReference; explicitFileType = wrapper.application; includeInIndex = 0; path = DMS.app; sourceTree = BUILT_PRODUCTS_DIR; };
		13B07FAF1A68108700A75B9A /* AppDelegate.h */ = {isa = PBXFileReference; fileEncoding = 4; lastKnownFileType = sourcecode.c.h; name = AppDelegate.h; path = DMS/AppDelegate.h; sourceTree = "<group>"; };
		13B07FB01A68108700A75B9A /* AppDelegate.mm */ = {isa = PBXFileReference; fileEncoding = 4; lastKnownFileType = sourcecode.cpp.objcpp; name = AppDelegate.mm; path = DMS/AppDelegate.mm; sourceTree = "<group>"; };
		13B07FB61A68108700A75B9A /* Info.plist */ = {isa = PBXFileReference; fileEncoding = 4; lastKnownFileType = text.plist.xml; name = Info.plist; path = DMS/Info.plist; sourceTree = "<group>"; };
		13B07FB71A68108700A75B9A /* main.m */ = {isa = PBXFileReference; fileEncoding = 4; lastKnownFileType = sourcecode.c.objc; name = main.m; path = DMS/main.m; sourceTree = "<group>"; };
		27F6167BF361E195D5546E15 /* Pods-DMS.release.xcconfig */ = {isa = PBXFileReference; includeInIndex = 1; lastKnownFileType = text.xcconfig; name = "Pods-DMS.release.xcconfig"; path = "Target Support Files/Pods-DMS/Pods-DMS.release.xcconfig"; sourceTree = "<group>"; };
		2D03D9C0FC37D63BDCE4F1BF /* Pods-DMS-DMSTests.debug.xcconfig */ = {isa = PBXFileReference; includeInIndex = 1; lastKnownFileType = text.xcconfig; name = "Pods-DMS-DMSTests.debug.xcconfig"; path = "Target Support Files/Pods-DMS-DMSTests/Pods-DMS-DMSTests.debug.xcconfig"; sourceTree = "<group>"; };
		31AB0E820C6888F50E9219D6 /* Pods-DMS.debug.xcconfig */ = {isa = PBXFileReference; includeInIndex = 1; lastKnownFileType = text.xcconfig; name = "Pods-DMS.debug.xcconfig"; path = "Target Support Files/Pods-DMS/Pods-DMS.debug.xcconfig"; sourceTree = "<group>"; };
		757539F9222145F0875B5AF8 /* SF-Pro-Display-Heavy.ttf */ = {isa = PBXFileReference; explicitFileType = undefined; fileEncoding = 9; includeInIndex = 0; lastKnownFileType = unknown; name = "SF-Pro-Display-Heavy.ttf"; path = "../assets/fonts/SF-Pro-Display-Heavy.ttf"; sourceTree = "<group>"; };
		7D6C468B8A5D8D767AEE30C0 /* libPods-DMS.a */ = {isa = PBXFileReference; explicitFileType = archive.ar; includeInIndex = 0; path = "libPods-DMS.a"; sourceTree = BUILT_PRODUCTS_DIR; };
		81AB9BB72411601600AC10FF /* LaunchScreen.storyboard */ = {isa = PBXFileReference; fileEncoding = 4; lastKnownFileType = file.storyboard; name = LaunchScreen.storyboard; path = DMS/LaunchScreen.storyboard; sourceTree = "<group>"; };
		8A1099A72B1847C900E1435A /* Fontisto.ttf */ = {isa = PBXFileReference; lastKnownFileType = file; path = Fontisto.ttf; sourceTree = "<group>"; };
		8A1099A82B1847C900E1435A /* Octicons.ttf */ = {isa = PBXFileReference; lastKnownFileType = file; path = Octicons.ttf; sourceTree = "<group>"; };
		8A1099A92B1847C900E1435A /* Feather.ttf */ = {isa = PBXFileReference; lastKnownFileType = file; path = Feather.ttf; sourceTree = "<group>"; };
		8A1099AA2B1847C900E1435A /* FontAwesome6_Regular.ttf */ = {isa = PBXFileReference; lastKnownFileType = file; path = FontAwesome6_Regular.ttf; sourceTree = "<group>"; };
		8A1099AB2B1847C900E1435A /* Entypo.ttf */ = {isa = PBXFileReference; lastKnownFileType = file; path = Entypo.ttf; sourceTree = "<group>"; };
		8A1099AC2B1847C900E1435A /* FontAwesome5_Brands.ttf */ = {isa = PBXFileReference; lastKnownFileType = file; path = FontAwesome5_Brands.ttf; sourceTree = "<group>"; };
		8A1099AD2B1847C900E1435A /* MaterialCommunityIcons.ttf */ = {isa = PBXFileReference; lastKnownFileType = file; path = MaterialCommunityIcons.ttf; sourceTree = "<group>"; };
		8A1099AE2B1847C900E1435A /* AntDesign.ttf */ = {isa = PBXFileReference; lastKnownFileType = file; path = AntDesign.ttf; sourceTree = "<group>"; };
		8A1099AF2B1847C900E1435A /* Foundation.ttf */ = {isa = PBXFileReference; lastKnownFileType = file; path = Foundation.ttf; sourceTree = "<group>"; };
		8A1099B02B1847C900E1435A /* Ionicons.ttf */ = {isa = PBXFileReference; lastKnownFileType = file; path = Ionicons.ttf; sourceTree = "<group>"; };
		8A1099B12B1847C900E1435A /* FontAwesome5_Solid.ttf */ = {isa = PBXFileReference; lastKnownFileType = file; path = FontAwesome5_Solid.ttf; sourceTree = "<group>"; };
		8A1099B22B1847C900E1435A /* FontAwesome5_Regular.ttf */ = {isa = PBXFileReference; lastKnownFileType = file; path = FontAwesome5_Regular.ttf; sourceTree = "<group>"; };
		8A1099B32B1847C900E1435A /* FontAwesome.ttf */ = {isa = PBXFileReference; lastKnownFileType = file; path = FontAwesome.ttf; sourceTree = "<group>"; };
		8A1099B42B1847C900E1435A /* Zocial.ttf */ = {isa = PBXFileReference; lastKnownFileType = file; path = Zocial.ttf; sourceTree = "<group>"; };
		8A1099B52B1847C900E1435A /* EvilIcons.ttf */ = {isa = PBXFileReference; lastKnownFileType = file; path = EvilIcons.ttf; sourceTree = "<group>"; };
		8A1099B62B1847C900E1435A /* FontAwesome6_Solid.ttf */ = {isa = PBXFileReference; lastKnownFileType = file; path = FontAwesome6_Solid.ttf; sourceTree = "<group>"; };
		8A1099B72B1847C900E1435A /* SimpleLineIcons.ttf */ = {isa = PBXFileReference; lastKnownFileType = file; path = SimpleLineIcons.ttf; sourceTree = "<group>"; };
		8A1099B82B1847C900E1435A /* FontAwesome6_Brands.ttf */ = {isa = PBXFileReference; lastKnownFileType = file; path = FontAwesome6_Brands.ttf; sourceTree = "<group>"; };
		8A1099B92B1847C900E1435A /* MaterialIcons.ttf */ = {isa = PBXFileReference; lastKnownFileType = file; path = MaterialIcons.ttf; sourceTree = "<group>"; };
		92A2F88607274EEB8FC85AFD /* SplashScreen.storyboard */ = {isa = PBXFileReference; explicitFileType = undefined; fileEncoding = 9; includeInIndex = 0; lastKnownFileType = unknown; name = SplashScreen.storyboard; path = DMS/SplashScreen.storyboard; sourceTree = "<group>"; };
		9406E9CEB84AB01714ED525E /* Pods-DMS-DMSTests.release.xcconfig */ = {isa = PBXFileReference; includeInIndex = 1; lastKnownFileType = text.xcconfig; name = "Pods-DMS-DMSTests.release.xcconfig"; path = "Target Support Files/Pods-DMS-DMSTests/Pods-DMS-DMSTests.release.xcconfig"; sourceTree = "<group>"; };
		9858CB14A1AA4E57BB89A006 /* SF-Pro-Display-Black.ttf */ = {isa = PBXFileReference; explicitFileType = undefined; fileEncoding = 9; includeInIndex = 0; lastKnownFileType = unknown; name = "SF-Pro-Display-Black.ttf"; path = "../assets/fonts/SF-Pro-Display-Black.ttf"; sourceTree = "<group>"; };
		AFB8556F35864F1BAF368C21 /* SF-Pro-Display-Regular.ttf */ = {isa = PBXFileReference; explicitFileType = undefined; fileEncoding = 9; includeInIndex = 0; lastKnownFileType = unknown; name = "SF-Pro-Display-Regular.ttf"; path = "../assets/fonts/SF-Pro-Display-Regular.ttf"; sourceTree = "<group>"; };
		BF58B281E448485F9587267C /* SF-Pro-Display-Medium.ttf */ = {isa = PBXFileReference; explicitFileType = undefined; fileEncoding = 9; includeInIndex = 0; lastKnownFileType = unknown; name = "SF-Pro-Display-Medium.ttf"; path = "../assets/fonts/SF-Pro-Display-Medium.ttf"; sourceTree = "<group>"; };
		C995DABA2BA0427C0001CC28 /* Images.xcassets */ = {isa = PBXFileReference; lastKnownFileType = folder.assetcatalog; path = Images.xcassets; sourceTree = "<group>"; };
		C9E9CEF12B479B0F00157D58 /* AppCenter-Config.plist */ = {isa = PBXFileReference; fileEncoding = 4; lastKnownFileType = text.plist.xml; path = "AppCenter-Config.plist"; sourceTree = "<group>"; };
		C9F95DD92B2D3D9900626856 /* fonts */ = {isa = PBXFileReference; lastKnownFileType = folder; path = fonts; sourceTree = "<group>"; };
		CE7B73780E5A4E6B9EC659F8 /* SF-Pro-Display-Light.ttf */ = {isa = PBXFileReference; explicitFileType = undefined; fileEncoding = 9; includeInIndex = 0; lastKnownFileType = unknown; name = "SF-Pro-Display-Light.ttf"; path = "../assets/fonts/SF-Pro-Display-Light.ttf"; sourceTree = "<group>"; };
		ED297162215061F000B7C4FE /* JavaScriptCore.framework */ = {isa = PBXFileReference; lastKnownFileType = wrapper.framework; name = JavaScriptCore.framework; path = System/Library/Frameworks/JavaScriptCore.framework; sourceTree = SDKROOT; };
		F2B948C158544CCEA5102AAF /* SF-Pro-Display-Bold.ttf */ = {isa = PBXFileReference; explicitFileType = undefined; fileEncoding = 9; includeInIndex = 0; lastKnownFileType = unknown; name = "SF-Pro-Display-Bold.ttf"; path = "../assets/fonts/SF-Pro-Display-Bold.ttf"; sourceTree = "<group>"; };
		F33C535FB06B25050AEF29D0 /* ExpoModulesProvider.swift */ = {isa = PBXFileReference; includeInIndex = 1; lastKnownFileType = sourcecode.swift; name = ExpoModulesProvider.swift; path = "Pods/Target Support Files/Pods-DMS/ExpoModulesProvider.swift"; sourceTree = "<group>"; };
		FF0D3A70BCBF46C69323C71F /* SF-Pro-Display-Thin.ttf */ = {isa = PBXFileReference; explicitFileType = undefined; fileEncoding = 9; includeInIndex = 0; lastKnownFileType = unknown; name = "SF-Pro-Display-Thin.ttf"; path = "../assets/fonts/SF-Pro-Display-Thin.ttf"; sourceTree = "<group>"; };
/* End PBXFileReference section */

/* Begin PBXFrameworksBuildPhase section */
		00E356EB1AD99517003FC87E /* Frameworks */ = {
			isa = PBXFrameworksBuildPhase;
			buildActionMask = 2147483647;
			files = (
				DD9BBBACD774C34C3A447F7B /* libPods-DMS-DMSTests.a in Frameworks */,
			);
			runOnlyForDeploymentPostprocessing = 0;
		};
		13B07F8C1A680F5B00A75B9A /* Frameworks */ = {
			isa = PBXFrameworksBuildPhase;
			buildActionMask = 2147483647;
			files = (
				3B619080E9C1F597533F45E8 /* libPods-DMS.a in Frameworks */,
			);
			runOnlyForDeploymentPostprocessing = 0;
		};
/* End PBXFrameworksBuildPhase section */

/* Begin PBXGroup section */
		00E356EF1AD99517003FC87E /* DMSTests */ = {
			isa = PBXGroup;
			children = (
				00E356F21AD99517003FC87E /* DMSTests.m */,
				00E356F01AD99517003FC87E /* Supporting Files */,
			);
			path = DMSTests;
			sourceTree = "<group>";
		};
		00E356F01AD99517003FC87E /* Supporting Files */ = {
			isa = PBXGroup;
			children = (
				00E356F11AD99517003FC87E /* Info.plist */,
			);
			name = "Supporting Files";
			sourceTree = "<group>";
		};
		05A2210F0AE56F6BC9B7FD6E /* DMS */ = {
			isa = PBXGroup;
			children = (
				F33C535FB06B25050AEF29D0 /* ExpoModulesProvider.swift */,
			);
			name = DMS;
			sourceTree = "<group>";
		};
		13B07FAE1A68108700A75B9A /* DMS */ = {
			isa = PBXGroup;
			children = (
				C995DABA2BA0427C0001CC28 /* Images.xcassets */,
				8A1099A62B1847C900E1435A /* Fonts */,
				13B07FAF1A68108700A75B9A /* AppDelegate.h */,
				13B07FB01A68108700A75B9A /* AppDelegate.mm */,
				13B07FB61A68108700A75B9A /* Info.plist */,
				81AB9BB72411601600AC10FF /* LaunchScreen.storyboard */,
				13B07FB71A68108700A75B9A /* main.m */,
				92A2F88607274EEB8FC85AFD /* SplashScreen.storyboard */,
			);
			name = DMS;
			sourceTree = "<group>";
		};
		165CE5912C824F8386EA32F8 /* Resources */ = {
			isa = PBXGroup;
			children = (
				9858CB14A1AA4E57BB89A006 /* SF-Pro-Display-Black.ttf */,
				F2B948C158544CCEA5102AAF /* SF-Pro-Display-Bold.ttf */,
				757539F9222145F0875B5AF8 /* SF-Pro-Display-Heavy.ttf */,
				CE7B73780E5A4E6B9EC659F8 /* SF-Pro-Display-Light.ttf */,
				BF58B281E448485F9587267C /* SF-Pro-Display-Medium.ttf */,
				AFB8556F35864F1BAF368C21 /* SF-Pro-Display-Regular.ttf */,
				FF0D3A70BCBF46C69323C71F /* SF-Pro-Display-Thin.ttf */,
			);
			name = Resources;
			sourceTree = "<group>";
		};
		2A0486D70D9CBF53C8EBF39B /* DMSTests */ = {
			isa = PBXGroup;
			children = (
				11B173BD5BC2B065BDEA7DCE /* ExpoModulesProvider.swift */,
			);
			name = DMSTests;
			sourceTree = "<group>";
		};
		2D16E6871FA4F8E400B85C8A /* Frameworks */ = {
			isa = PBXGroup;
			children = (
				ED297162215061F000B7C4FE /* JavaScriptCore.framework */,
				7D6C468B8A5D8D767AEE30C0 /* libPods-DMS.a */,
				04B790FB2A951D929F26A7FD /* libPods-DMS-DMSTests.a */,
			);
			name = Frameworks;
			sourceTree = "<group>";
		};
		832341AE1AAA6A7D00B99B32 /* Libraries */ = {
			isa = PBXGroup;
			children = (
			);
			name = Libraries;
			sourceTree = "<group>";
		};
		83CBB9F61A601CBA00E9B192 = {
			isa = PBXGroup;
			children = (
				C9E9CEF12B479B0F00157D58 /* AppCenter-Config.plist */,
				C9F95DD92B2D3D9900626856 /* fonts */,
				13B07FAE1A68108700A75B9A /* DMS */,
				832341AE1AAA6A7D00B99B32 /* Libraries */,
				00E356EF1AD99517003FC87E /* DMSTests */,
				83CBBA001A601CBA00E9B192 /* Products */,
				2D16E6871FA4F8E400B85C8A /* Frameworks */,
				BBD78D7AC51CEA395F1C20DB /* Pods */,
				FB3672A6C3B4FABFB838BCDD /* ExpoModulesProviders */,
				165CE5912C824F8386EA32F8 /* Resources */,
			);
			indentWidth = 2;
			sourceTree = "<group>";
			tabWidth = 2;
			usesTabs = 0;
		};
		83CBBA001A601CBA00E9B192 /* Products */ = {
			isa = PBXGroup;
			children = (
				13B07F961A680F5B00A75B9A /* DMS.app */,
				00E356EE1AD99517003FC87E /* DMSTests.xctest */,
			);
			name = Products;
			sourceTree = "<group>";
		};
		8A1099A62B1847C900E1435A /* Fonts */ = {
			isa = PBXGroup;
			children = (
				8A1099A72B1847C900E1435A /* Fontisto.ttf */,
				8A1099A82B1847C900E1435A /* Octicons.ttf */,
				8A1099A92B1847C900E1435A /* Feather.ttf */,
				8A1099AA2B1847C900E1435A /* FontAwesome6_Regular.ttf */,
				8A1099AB2B1847C900E1435A /* Entypo.ttf */,
				8A1099AC2B1847C900E1435A /* FontAwesome5_Brands.ttf */,
				8A1099AD2B1847C900E1435A /* MaterialCommunityIcons.ttf */,
				8A1099AE2B1847C900E1435A /* AntDesign.ttf */,
				8A1099AF2B1847C900E1435A /* Foundation.ttf */,
				8A1099B02B1847C900E1435A /* Ionicons.ttf */,
				8A1099B12B1847C900E1435A /* FontAwesome5_Solid.ttf */,
				8A1099B22B1847C900E1435A /* FontAwesome5_Regular.ttf */,
				8A1099B32B1847C900E1435A /* FontAwesome.ttf */,
				8A1099B42B1847C900E1435A /* Zocial.ttf */,
				8A1099B52B1847C900E1435A /* EvilIcons.ttf */,
				8A1099B62B1847C900E1435A /* FontAwesome6_Solid.ttf */,
				8A1099B72B1847C900E1435A /* SimpleLineIcons.ttf */,
				8A1099B82B1847C900E1435A /* FontAwesome6_Brands.ttf */,
				8A1099B92B1847C900E1435A /* MaterialIcons.ttf */,
			);
			name = Fonts;
			path = "../node_modules/react-native-vector-icons/Fonts";
			sourceTree = "<group>";
		};
		BBD78D7AC51CEA395F1C20DB /* Pods */ = {
			isa = PBXGroup;
			children = (
				31AB0E820C6888F50E9219D6 /* Pods-DMS.debug.xcconfig */,
				27F6167BF361E195D5546E15 /* Pods-DMS.release.xcconfig */,
				2D03D9C0FC37D63BDCE4F1BF /* Pods-DMS-DMSTests.debug.xcconfig */,
				9406E9CEB84AB01714ED525E /* Pods-DMS-DMSTests.release.xcconfig */,
			);
			path = Pods;
			sourceTree = "<group>";
		};
		FB3672A6C3B4FABFB838BCDD /* ExpoModulesProviders */ = {
			isa = PBXGroup;
			children = (
				05A2210F0AE56F6BC9B7FD6E /* DMS */,
				2A0486D70D9CBF53C8EBF39B /* DMSTests */,
			);
			name = ExpoModulesProviders;
			sourceTree = "<group>";
		};
/* End PBXGroup section */

/* Begin PBXNativeTarget section */
		00E356ED1AD99517003FC87E /* DMSTests */ = {
			isa = PBXNativeTarget;
			buildConfigurationList = 00E357021AD99517003FC87E /* Build configuration list for PBXNativeTarget "DMSTests" */;
			buildPhases = (
				4D163223CE69AEF197BF6369 /* [CP] Check Pods Manifest.lock */,
				E3CA88B527B932782A82B309 /* [Expo] Configure project */,
				00E356EA1AD99517003FC87E /* Sources */,
				00E356EB1AD99517003FC87E /* Frameworks */,
				00E356EC1AD99517003FC87E /* Resources */,
				EE8144E56FD339724E4E1BFE /* [CP] Embed Pods Frameworks */,
				045C3848E198F8D74295EB12 /* [CP] Copy Pods Resources */,
			);
			buildRules = (
			);
			dependencies = (
				00E356F51AD99517003FC87E /* PBXTargetDependency */,
			);
			name = DMSTests;
			productName = DMSTests;
			productReference = 00E356EE1AD99517003FC87E /* DMSTests.xctest */;
			productType = "com.apple.product-type.bundle.unit-test";
		};
		13B07F861A680F5B00A75B9A /* DMS */ = {
			isa = PBXNativeTarget;
			buildConfigurationList = 13B07F931A680F5B00A75B9A /* Build configuration list for PBXNativeTarget "DMS" */;
			buildPhases = (
				0A6528796A607DC3E853AE30 /* [CP] Check Pods Manifest.lock */,
				FD10A7F022414F080027D42C /* Start Packager */,
				4569CEAF0EFC018E4C0B9CF1 /* [Expo] Configure project */,
				13B07F871A680F5B00A75B9A /* Sources */,
				13B07F8C1A680F5B00A75B9A /* Frameworks */,
				13B07F8E1A680F5B00A75B9A /* Resources */,
				00DD1BFF1BD5951E006B06BC /* Bundle React Native code and images */,
				A8AFBD479BEF112A2E4DFD2A /* [CP] Embed Pods Frameworks */,
				9AF79A1A6A29ECC8D88E4C28 /* [CP] Copy Pods Resources */,
			);
			buildRules = (
			);
			dependencies = (
			);
			name = DMS;
			productName = DMS;
			productReference = 13B07F961A680F5B00A75B9A /* DMS.app */;
			productType = "com.apple.product-type.application";
		};
/* End PBXNativeTarget section */

/* Begin PBXProject section */
		83CBB9F71A601CBA00E9B192 /* Project object */ = {
			isa = PBXProject;
			attributes = {
				LastUpgradeCheck = 1210;
				TargetAttributes = {
					00E356ED1AD99517003FC87E = {
						CreatedOnToolsVersion = 6.2;
						TestTargetID = 13B07F861A680F5B00A75B9A;
					};
					13B07F861A680F5B00A75B9A = {
						LastSwiftMigration = 1120;
					};
				};
			};
			buildConfigurationList = 83CBB9FA1A601CBA00E9B192 /* Build configuration list for PBXProject "DMS" */;
			compatibilityVersion = "Xcode 12.0";
			developmentRegion = en;
			hasScannedForEncodings = 0;
			knownRegions = (
				en,
				Base,
			);
			mainGroup = 83CBB9F61A601CBA00E9B192;
			productRefGroup = 83CBBA001A601CBA00E9B192 /* Products */;
			projectDirPath = "";
			projectRoot = "";
			targets = (
				13B07F861A680F5B00A75B9A /* DMS */,
				00E356ED1AD99517003FC87E /* DMSTests */,
			);
		};
/* End PBXProject section */

/* Begin PBXResourcesBuildPhase section */
		00E356EC1AD99517003FC87E /* Resources */ = {
			isa = PBXResourcesBuildPhase;
			buildActionMask = 2147483647;
			files = (
			);
			runOnlyForDeploymentPostprocessing = 0;
		};
		13B07F8E1A680F5B00A75B9A /* Resources */ = {
			isa = PBXResourcesBuildPhase;
			buildActionMask = 2147483647;
			files = (
				8A1099C52B1847C900E1435A /* FontAwesome5_Regular.ttf in Resources */,
				8A1099BA2B1847C900E1435A /* Fontisto.ttf in Resources */,
				8A1099BF2B1847C900E1435A /* FontAwesome5_Brands.ttf in Resources */,
				8A1099C32B1847C900E1435A /* Ionicons.ttf in Resources */,
				8A1099C42B1847C900E1435A /* FontAwesome5_Solid.ttf in Resources */,
				8A1099BE2B1847C900E1435A /* Entypo.ttf in Resources */,
				81AB9BB82411601600AC10FF /* LaunchScreen.storyboard in Resources */,
				8A1099C12B1847C900E1435A /* AntDesign.ttf in Resources */,
				8A1099C72B1847C900E1435A /* Zocial.ttf in Resources */,
				8A1099C22B1847C900E1435A /* Foundation.ttf in Resources */,
				C9F95DDA2B2D3D9900626856 /* fonts in Resources */,
				C9E9CEF22B479B1000157D58 /* AppCenter-Config.plist in Resources */,
				8A1099CB2B1847C900E1435A /* FontAwesome6_Brands.ttf in Resources */,
				8A1099BC2B1847C900E1435A /* Feather.ttf in Resources */,
				8A1099CA2B1847C900E1435A /* SimpleLineIcons.ttf in Resources */,
				8A1099C82B1847C900E1435A /* EvilIcons.ttf in Resources */,
				8A1099BB2B1847C900E1435A /* Octicons.ttf in Resources */,
				8A1099C62B1847C900E1435A /* FontAwesome.ttf in Resources */,
				8A1099C02B1847C900E1435A /* MaterialCommunityIcons.ttf in Resources */,
				8A1099C92B1847C900E1435A /* FontAwesome6_Solid.ttf in Resources */,
				8A1099BD2B1847C900E1435A /* FontAwesome6_Regular.ttf in Resources */,
				C995DABB2BA0427D0001CC28 /* Images.xcassets in Resources */,
				8A1099CC2B1847C900E1435A /* MaterialIcons.ttf in Resources */,
				9279090B9EB145D89A21A297 /* SF-Pro-Display-Black.ttf in Resources */,
				6ACB8476A34F4FFEAABCC98B /* SF-Pro-Display-Bold.ttf in Resources */,
				19C51F8404F24762AF307E28 /* SF-Pro-Display-Heavy.ttf in Resources */,
				112FA1E87DB74F598C87B51C /* SF-Pro-Display-Light.ttf in Resources */,
				CA027E128CDD4E488E254166 /* SF-Pro-Display-Medium.ttf in Resources */,
				3BA899B5D7D24A69A5428B2F /* SF-Pro-Display-Regular.ttf in Resources */,
				CA3923D6D2964F77A7D1C1C1 /* SF-Pro-Display-Thin.ttf in Resources */,
			);
			runOnlyForDeploymentPostprocessing = 0;
		};
/* End PBXResourcesBuildPhase section */

/* Begin PBXShellScriptBuildPhase section */
		00DD1BFF1BD5951E006B06BC /* Bundle React Native code and images */ = {
			isa = PBXShellScriptBuildPhase;
			buildActionMask = 2147483647;
			files = (
			);
			inputPaths = (
				"$(SRCROOT)/.xcode.env.local",
				"$(SRCROOT)/.xcode.env",
			);
			name = "Bundle React Native code and images";
			outputPaths = (
			);
			runOnlyForDeploymentPostprocessing = 0;
			shellPath = /bin/sh;
			shellScript = "if [[ -f \"$PODS_ROOT/../.xcode.env\" ]]; then\n  source \"$PODS_ROOT/../.xcode.env\"\nfi\nif [[ -f \"$PODS_ROOT/../.xcode.env.local\" ]]; then\n  source \"$PODS_ROOT/../.xcode.env.local\"\nfi\n\n# The project root by default is one level up from the ios directory\nexport PROJECT_ROOT=\"$PROJECT_DIR\"/..\n\nif [[ \"$CONFIGURATION\" = *Debug* ]]; then\n  export SKIP_BUNDLING=1\nfi\nif [[ -z \"$ENTRY_FILE\" ]]; then\n  # Set the entry JS file using the bundler's entry resolution.\n  export ENTRY_FILE=\"$(\"$NODE_BINARY\" -e \"require('expo/scripts/resolveAppEntry')\" \"$PROJECT_ROOT\" ios relative | tail -n 1)\"\nfi\n\nif [[ -z \"$CLI_PATH\" ]]; then\n  # Use Expo CLI\n  export CLI_PATH=\"$(\"$NODE_BINARY\" --print \"require.resolve('@expo/cli')\")\"\nfi\nif [[ -z \"$BUNDLE_COMMAND\" ]]; then\n  # Default Expo CLI command for bundling\n  export BUNDLE_COMMAND=\"export:embed\"\nfi\n\n`\"$NODE_BINARY\" --print \"require('path').dirname(require.resolve('react-native/package.json')) + '/scripts/react-native-xcode.sh'\"`\n";
		};
		045C3848E198F8D74295EB12 /* [CP] Copy Pods Resources */ = {
			isa = PBXShellScriptBuildPhase;
			buildActionMask = 2147483647;
			files = (
			);
			inputFileListPaths = (
				"${PODS_ROOT}/Target Support Files/Pods-DMS-DMSTests/Pods-DMS-DMSTests-resources-${CONFIGURATION}-input-files.xcfilelist",
			);
			name = "[CP] Copy Pods Resources";
			outputFileListPaths = (
				"${PODS_ROOT}/Target Support Files/Pods-DMS-DMSTests/Pods-DMS-DMSTests-resources-${CONFIGURATION}-output-files.xcfilelist",
			);
			runOnlyForDeploymentPostprocessing = 0;
			shellPath = /bin/sh;
			shellScript = "\"${PODS_ROOT}/Target Support Files/Pods-DMS-DMSTests/Pods-DMS-DMSTests-resources.sh\"\n";
			showEnvVarsInLog = 0;
		};
		0A6528796A607DC3E853AE30 /* [CP] Check Pods Manifest.lock */ = {
			isa = PBXShellScriptBuildPhase;
			buildActionMask = 2147483647;
			files = (
			);
			inputFileListPaths = (
			);
			inputPaths = (
				"${PODS_PODFILE_DIR_PATH}/Podfile.lock",
				"${PODS_ROOT}/Manifest.lock",
			);
			name = "[CP] Check Pods Manifest.lock";
			outputFileListPaths = (
			);
			outputPaths = (
				"$(DERIVED_FILE_DIR)/Pods-DMS-checkManifestLockResult.txt",
			);
			runOnlyForDeploymentPostprocessing = 0;
			shellPath = /bin/sh;
			shellScript = "diff \"${PODS_PODFILE_DIR_PATH}/Podfile.lock\" \"${PODS_ROOT}/Manifest.lock\" > /dev/null\nif [ $? != 0 ] ; then\n    # print error to STDERR\n    echo \"error: The sandbox is not in sync with the Podfile.lock. Run 'pod install' or update your CocoaPods installation.\" >&2\n    exit 1\nfi\n# This output is used by Xcode 'outputs' to avoid re-running this script phase.\necho \"SUCCESS\" > \"${SCRIPT_OUTPUT_FILE_0}\"\n";
			showEnvVarsInLog = 0;
		};
		4569CEAF0EFC018E4C0B9CF1 /* [Expo] Configure project */ = {
			isa = PBXShellScriptBuildPhase;
			alwaysOutOfDate = 1;
			buildActionMask = 2147483647;
			files = (
			);
			inputFileListPaths = (
			);
			inputPaths = (
			);
			name = "[Expo] Configure project";
			outputFileListPaths = (
			);
			outputPaths = (
			);
			runOnlyForDeploymentPostprocessing = 0;
			shellPath = /bin/sh;
			shellScript = "# This script configures Expo modules and generates the modules provider file.\nbash -l -c \"./Pods/Target\\ Support\\ Files/Pods-DMS/expo-configure-project.sh\"\n";
		};
		4D163223CE69AEF197BF6369 /* [CP] Check Pods Manifest.lock */ = {
			isa = PBXShellScriptBuildPhase;
			buildActionMask = 2147483647;
			files = (
			);
			inputFileListPaths = (
			);
			inputPaths = (
				"${PODS_PODFILE_DIR_PATH}/Podfile.lock",
				"${PODS_ROOT}/Manifest.lock",
			);
			name = "[CP] Check Pods Manifest.lock";
			outputFileListPaths = (
			);
			outputPaths = (
				"$(DERIVED_FILE_DIR)/Pods-DMS-DMSTests-checkManifestLockResult.txt",
			);
			runOnlyForDeploymentPostprocessing = 0;
			shellPath = /bin/sh;
			shellScript = "diff \"${PODS_PODFILE_DIR_PATH}/Podfile.lock\" \"${PODS_ROOT}/Manifest.lock\" > /dev/null\nif [ $? != 0 ] ; then\n    # print error to STDERR\n    echo \"error: The sandbox is not in sync with the Podfile.lock. Run 'pod install' or update your CocoaPods installation.\" >&2\n    exit 1\nfi\n# This output is used by Xcode 'outputs' to avoid re-running this script phase.\necho \"SUCCESS\" > \"${SCRIPT_OUTPUT_FILE_0}\"\n";
			showEnvVarsInLog = 0;
		};
		9AF79A1A6A29ECC8D88E4C28 /* [CP] Copy Pods Resources */ = {
			isa = PBXShellScriptBuildPhase;
			buildActionMask = 2147483647;
			files = (
			);
			inputFileListPaths = (
				"${PODS_ROOT}/Target Support Files/Pods-DMS/Pods-DMS-resources-${CONFIGURATION}-input-files.xcfilelist",
			);
			name = "[CP] Copy Pods Resources";
			outputFileListPaths = (
				"${PODS_ROOT}/Target Support Files/Pods-DMS/Pods-DMS-resources-${CONFIGURATION}-output-files.xcfilelist",
			);
			runOnlyForDeploymentPostprocessing = 0;
			shellPath = /bin/sh;
			shellScript = "\"${PODS_ROOT}/Target Support Files/Pods-DMS/Pods-DMS-resources.sh\"\n";
			showEnvVarsInLog = 0;
		};
		A8AFBD479BEF112A2E4DFD2A /* [CP] Embed Pods Frameworks */ = {
			isa = PBXShellScriptBuildPhase;
			buildActionMask = 2147483647;
			files = (
			);
			inputFileListPaths = (
				"${PODS_ROOT}/Target Support Files/Pods-DMS/Pods-DMS-frameworks-${CONFIGURATION}-input-files.xcfilelist",
			);
			name = "[CP] Embed Pods Frameworks";
			outputFileListPaths = (
				"${PODS_ROOT}/Target Support Files/Pods-DMS/Pods-DMS-frameworks-${CONFIGURATION}-output-files.xcfilelist",
			);
			runOnlyForDeploymentPostprocessing = 0;
			shellPath = /bin/sh;
			shellScript = "\"${PODS_ROOT}/Target Support Files/Pods-DMS/Pods-DMS-frameworks.sh\"\n";
			showEnvVarsInLog = 0;
		};
		E3CA88B527B932782A82B309 /* [Expo] Configure project */ = {
			isa = PBXShellScriptBuildPhase;
			alwaysOutOfDate = 1;
			buildActionMask = 2147483647;
			files = (
			);
			inputFileListPaths = (
			);
			inputPaths = (
			);
			name = "[Expo] Configure project";
			outputFileListPaths = (
			);
			outputPaths = (
			);
			runOnlyForDeploymentPostprocessing = 0;
			shellPath = /bin/sh;
			shellScript = "# This script configures Expo modules and generates the modules provider file.\nbash -l -c \"./Pods/Target\\ Support\\ Files/Pods-DMS-DMSTests/expo-configure-project.sh\"\n";
		};
		EE8144E56FD339724E4E1BFE /* [CP] Embed Pods Frameworks */ = {
			isa = PBXShellScriptBuildPhase;
			buildActionMask = 2147483647;
			files = (
			);
			inputFileListPaths = (
				"${PODS_ROOT}/Target Support Files/Pods-DMS-DMSTests/Pods-DMS-DMSTests-frameworks-${CONFIGURATION}-input-files.xcfilelist",
			);
			name = "[CP] Embed Pods Frameworks";
			outputFileListPaths = (
				"${PODS_ROOT}/Target Support Files/Pods-DMS-DMSTests/Pods-DMS-DMSTests-frameworks-${CONFIGURATION}-output-files.xcfilelist",
			);
			runOnlyForDeploymentPostprocessing = 0;
			shellPath = /bin/sh;
			shellScript = "\"${PODS_ROOT}/Target Support Files/Pods-DMS-DMSTests/Pods-DMS-DMSTests-frameworks.sh\"\n";
			showEnvVarsInLog = 0;
		};
		FD10A7F022414F080027D42C /* Start Packager */ = {
			isa = PBXShellScriptBuildPhase;
			buildActionMask = 2147483647;
			files = (
			);
			inputFileListPaths = (
			);
			inputPaths = (
			);
			name = "Start Packager";
			outputFileListPaths = (
			);
			outputPaths = (
			);
			runOnlyForDeploymentPostprocessing = 0;
			shellPath = /bin/sh;
			shellScript = "if [[ -f \"$PODS_ROOT/../.xcode.env\" ]]; then\n  source \"$PODS_ROOT/../.xcode.env\"\nfi\nif [[ -f \"$PODS_ROOT/../.xcode.env.local\" ]]; then\n  source \"$PODS_ROOT/../.xcode.env.local\"\nfi\n\nexport RCT_METRO_PORT=\"${RCT_METRO_PORT:=8081}\"\necho \"export RCT_METRO_PORT=${RCT_METRO_PORT}\" > `$NODE_BINARY --print \"require('path').dirname(require.resolve('react-native/package.json')) + '/scripts/.packager.env'\"`\nif [ -z \"${RCT_NO_LAUNCH_PACKAGER+xxx}\" ] ; then\n  if nc -w 5 -z localhost ${RCT_METRO_PORT} ; then\n    if ! curl -s \"http://localhost:${RCT_METRO_PORT}/status\" | grep -q \"packager-status:running\" ; then\n      echo \"Port ${RCT_METRO_PORT} already in use, packager is either not running or not running correctly\"\n      exit 2\n    fi\n  else\n    open `$NODE_BINARY --print \"require('path').dirname(require.resolve('expo/package.json')) + '/scripts/launchPackager.command'\"` || echo \"Can't start packager automatically\"\n  fi\nfi\n";
			showEnvVarsInLog = 0;
		};
/* End PBXShellScriptBuildPhase section */

/* Begin PBXSourcesBuildPhase section */
		00E356EA1AD99517003FC87E /* Sources */ = {
			isa = PBXSourcesBuildPhase;
			buildActionMask = 2147483647;
			files = (
				00E356F31AD99517003FC87E /* DMSTests.m in Sources */,
				8E93C6E34DF0BA573FC2EE8F /* ExpoModulesProvider.swift in Sources */,
			);
			runOnlyForDeploymentPostprocessing = 0;
		};
		13B07F871A680F5B00A75B9A /* Sources */ = {
			isa = PBXSourcesBuildPhase;
			buildActionMask = 2147483647;
			files = (
				13B07FBC1A68108700A75B9A /* AppDelegate.mm in Sources */,
				13B07FC11A68108700A75B9A /* main.m in Sources */,
				946C2A8A868D7E4476C02B01 /* ExpoModulesProvider.swift in Sources */,
			);
			runOnlyForDeploymentPostprocessing = 0;
		};
/* End PBXSourcesBuildPhase section */

/* Begin PBXTargetDependency section */
		00E356F51AD99517003FC87E /* PBXTargetDependency */ = {
			isa = PBXTargetDependency;
			target = 13B07F861A680F5B00A75B9A /* DMS */;
			targetProxy = 00E356F41AD99517003FC87E /* PBXContainerItemProxy */;
		};
/* End PBXTargetDependency section */

/* Begin XCBuildConfiguration section */
		00E356F61AD99517003FC87E /* Debug */ = {
			isa = XCBuildConfiguration;
			baseConfigurationReference = 2D03D9C0FC37D63BDCE4F1BF /* Pods-DMS-DMSTests.debug.xcconfig */;
			buildSettings = {
				BUNDLE_LOADER = "$(TEST_HOST)";
				GCC_PREPROCESSOR_DEFINITIONS = (
					"DEBUG=1",
					"$(inherited)",
				);
				INFOPLIST_FILE = DMSTests/Info.plist;
				IPHONEOS_DEPLOYMENT_TARGET = 13.0;
				LD_RUNPATH_SEARCH_PATHS = (
					"$(inherited)",
					"@executable_path/Frameworks",
					"@loader_path/Frameworks",
				);
				OTHER_LDFLAGS = (
					"-ObjC",
					"-lc++",
					"$(inherited)",
				);
				OTHER_SWIFT_FLAGS = "$(inherited) -D EXPO_CONFIGURATION_DEBUG";
				PRODUCT_BUNDLE_IDENTIFIER = "org.reactjs.native.example.$(PRODUCT_NAME:rfc1034identifier)";
				PRODUCT_NAME = "$(TARGET_NAME)";
				TARGETED_DEVICE_FAMILY = 1;
				TEST_HOST = "$(BUILT_PRODUCTS_DIR)/DMS.app/DMS";
			};
			name = Debug;
		};
		00E356F71AD99517003FC87E /* Release */ = {
			isa = XCBuildConfiguration;
			baseConfigurationReference = 9406E9CEB84AB01714ED525E /* Pods-DMS-DMSTests.release.xcconfig */;
			buildSettings = {
				BUNDLE_LOADER = "$(TEST_HOST)";
				COPY_PHASE_STRIP = NO;
				INFOPLIST_FILE = DMSTests/Info.plist;
				IPHONEOS_DEPLOYMENT_TARGET = 13.0;
				LD_RUNPATH_SEARCH_PATHS = (
					"$(inherited)",
					"@executable_path/Frameworks",
					"@loader_path/Frameworks",
				);
				OTHER_LDFLAGS = (
					"-ObjC",
					"-lc++",
					"$(inherited)",
				);
				OTHER_SWIFT_FLAGS = "$(inherited) -D EXPO_CONFIGURATION_RELEASE -D EXPO_CONFIGURATION_DEBUG";
				PRODUCT_BUNDLE_IDENTIFIER = "org.reactjs.native.example.$(PRODUCT_NAME:rfc1034identifier)";
				PRODUCT_NAME = "$(TARGET_NAME)";
				TARGETED_DEVICE_FAMILY = 1;
				TEST_HOST = "$(BUILT_PRODUCTS_DIR)/DMS.app/DMS";
			};
			name = Release;
		};
		13B07F941A680F5B00A75B9A /* Debug */ = {
			isa = XCBuildConfiguration;
			baseConfigurationReference = 31AB0E820C6888F50E9219D6 /* Pods-DMS.debug.xcconfig */;
			buildSettings = {
				"ASSETCATALOG_COMPILER_ALTERNATE_APPICON_NAMES[sdk=*]" = "";
				ASSETCATALOG_COMPILER_APPICON_NAME = AppIcon;
				ASSETCATALOG_COMPILER_INCLUDE_ALL_APPICON_ASSETS = YES;
				CLANG_ENABLE_MODULES = YES;
				CODE_SIGN_ENTITLEMENTS = DMS/DMS.entitlements;
				"CODE_SIGN_IDENTITY[sdk=iphoneos*]" = "iPhone Developer";
				CODE_SIGN_STYLE = Manual;
				CURRENT_PROJECT_VERSION = 1;
				DEVELOPMENT_TEAM = "";
				"DEVELOPMENT_TEAM[sdk=iphoneos*]" = 5YLS976TT9;
				ENABLE_BITCODE = NO;
				INFOPLIST_FILE = DMS/Info.plist;
				LD_RUNPATH_SEARCH_PATHS = (
					"$(inherited)",
					"@executable_path/Frameworks",
				);
				MARKETING_VERSION = 1.0;
				OTHER_LDFLAGS = (
					"$(inherited)",
					"-ObjC",
					"-lc++",
				);
				OTHER_SWIFT_FLAGS = "$(inherited) -D EXPO_CONFIGURATION_DEBUG";
				PRODUCT_BUNDLE_IDENTIFIER = mbw.next.dms;
				PRODUCT_NAME = DMS;
				PROVISIONING_PROFILE_SPECIFIER = "";
				"PROVISIONING_PROFILE_SPECIFIER[sdk=iphoneos*]" = "Mobiwork Next DMS";
				SWIFT_OPTIMIZATION_LEVEL = "-Onone";
				SWIFT_VERSION = 5.0;
				TARGETED_DEVICE_FAMILY = 1;
				VERSIONING_SYSTEM = "apple-generic";
			};
			name = Debug;
		};
		13B07F951A680F5B00A75B9A /* Release */ = {
			isa = XCBuildConfiguration;
			baseConfigurationReference = 27F6167BF361E195D5546E15 /* Pods-DMS.release.xcconfig */;
			buildSettings = {
				ASSETCATALOG_COMPILER_APPICON_NAME = AppIcon;
				ASSETCATALOG_COMPILER_INCLUDE_ALL_APPICON_ASSETS = YES;
				CLANG_ENABLE_MODULES = YES;
				CODE_SIGN_ENTITLEMENTS = DMS/DMS.entitlements;
				"CODE_SIGN_IDENTITY[sdk=iphoneos*]" = "iPhone Developer";
				CODE_SIGN_STYLE = Manual;
				CURRENT_PROJECT_VERSION = 1;
				DEVELOPMENT_TEAM = "";
				"DEVELOPMENT_TEAM[sdk=iphoneos*]" = 5YLS976TT9;
				INFOPLIST_FILE = DMS/Info.plist;
				LD_RUNPATH_SEARCH_PATHS = (
					"$(inherited)",
					"@executable_path/Frameworks",
				);
				MARKETING_VERSION = 1.0;
				OTHER_LDFLAGS = (
					"$(inherited)",
					"-ObjC",
					"-lc++",
				);
				OTHER_SWIFT_FLAGS = "$(inherited) -D EXPO_CONFIGURATION_RELEASE -D EXPO_CONFIGURATION_DEBUG";
				PRODUCT_BUNDLE_IDENTIFIER = mbw.next.dms;
				PRODUCT_NAME = DMS;
				PROVISIONING_PROFILE_SPECIFIER = "";
				"PROVISIONING_PROFILE_SPECIFIER[sdk=iphoneos*]" = "Mobiwork Next DMS";
				SWIFT_VERSION = 5.0;
				TARGETED_DEVICE_FAMILY = 1;
				VERSIONING_SYSTEM = "apple-generic";
			};
			name = Release;
		};
		83CBBA201A601CBA00E9B192 /* Debug */ = {
			isa = XCBuildConfiguration;
			buildSettings = {
				ALWAYS_SEARCH_USER_PATHS = NO;
				CLANG_ANALYZER_LOCALIZABILITY_NONLOCALIZED = YES;
				CLANG_CXX_LANGUAGE_STANDARD = "c++17";
				CLANG_CXX_LIBRARY = "libc++";
				CLANG_ENABLE_MODULES = YES;
				CLANG_ENABLE_OBJC_ARC = YES;
				CLANG_WARN_BLOCK_CAPTURE_AUTORELEASING = YES;
				CLANG_WARN_BOOL_CONVERSION = YES;
				CLANG_WARN_COMMA = YES;
				CLANG_WARN_CONSTANT_CONVERSION = YES;
				CLANG_WARN_DEPRECATED_OBJC_IMPLEMENTATIONS = YES;
				CLANG_WARN_DIRECT_OBJC_ISA_USAGE = YES_ERROR;
				CLANG_WARN_EMPTY_BODY = YES;
				CLANG_WARN_ENUM_CONVERSION = YES;
				CLANG_WARN_INFINITE_RECURSION = YES;
				CLANG_WARN_INT_CONVERSION = YES;
				CLANG_WARN_NON_LITERAL_NULL_CONVERSION = YES;
				CLANG_WARN_OBJC_IMPLICIT_RETAIN_SELF = YES;
				CLANG_WARN_OBJC_LITERAL_CONVERSION = YES;
				CLANG_WARN_OBJC_ROOT_CLASS = YES_ERROR;
				CLANG_WARN_QUOTED_INCLUDE_IN_FRAMEWORK_HEADER = YES;
				CLANG_WARN_RANGE_LOOP_ANALYSIS = YES;
				CLANG_WARN_STRICT_PROTOTYPES = YES;
				CLANG_WARN_SUSPICIOUS_MOVE = YES;
				CLANG_WARN_UNREACHABLE_CODE = YES;
				CLANG_WARN__DUPLICATE_METHOD_MATCH = YES;
				"CODE_SIGN_IDENTITY[sdk=iphoneos*]" = "iPhone Developer";
				COPY_PHASE_STRIP = NO;
				ENABLE_STRICT_OBJC_MSGSEND = YES;
				ENABLE_TESTABILITY = YES;
				"EXCLUDED_ARCHS[sdk=iphonesimulator*]" = i386;
				GCC_C_LANGUAGE_STANDARD = gnu99;
				GCC_DYNAMIC_NO_PIC = NO;
				GCC_NO_COMMON_BLOCKS = YES;
				GCC_OPTIMIZATION_LEVEL = 0;
				GCC_PREPROCESSOR_DEFINITIONS = (
					"DEBUG=1",
					"$(inherited)",
					_LIBCPP_ENABLE_CXX17_REMOVED_UNARY_BINARY_FUNCTION,
				);
				GCC_SYMBOLS_PRIVATE_EXTERN = NO;
				GCC_WARN_64_TO_32_BIT_CONVERSION = YES;
				GCC_WARN_ABOUT_RETURN_TYPE = YES_ERROR;
				GCC_WARN_UNDECLARED_SELECTOR = YES;
				GCC_WARN_UNINITIALIZED_AUTOS = YES_AGGRESSIVE;
				GCC_WARN_UNUSED_FUNCTION = YES;
				GCC_WARN_UNUSED_VARIABLE = YES;
				GENERATE_INFOPLIST_FILE = NO;
				IPHONEOS_DEPLOYMENT_TARGET = 13.0;
				LD_RUNPATH_SEARCH_PATHS = (
					/usr/lib/swift,
					"$(inherited)",
				);
				LIBRARY_SEARCH_PATHS = (
					"\"$(SDKROOT)/usr/lib/swift\"",
					"\"$(TOOLCHAIN_DIR)/usr/lib/swift/$(PLATFORM_NAME)\"",
					"\"$(inherited)\"",
				);
				MTL_ENABLE_DEBUG_INFO = YES;
				ONLY_ACTIVE_ARCH = YES;
				OTHER_CFLAGS = "$(inherited)";
				OTHER_CPLUSPLUSFLAGS = (
					"$(OTHER_CFLAGS)",
					"-DFOLLY_NO_CONFIG",
					"-DFOLLY_MOBILE=1",
					"-DFOLLY_USE_LIBCPP=1",
				);
				OTHER_LDFLAGS = (
					"$(inherited)",
					"-Wl",
					"-ld_classic",
				);
				REACT_NATIVE_PATH = "${PODS_ROOT}/../../node_modules/react-native";
				SDKROOT = iphoneos;
			};
			name = Debug;
		};
		83CBBA211A601CBA00E9B192 /* Release */ = {
			isa = XCBuildConfiguration;
			buildSettings = {
				ALWAYS_SEARCH_USER_PATHS = NO;
				CLANG_ANALYZER_LOCALIZABILITY_NONLOCALIZED = YES;
				CLANG_CXX_LANGUAGE_STANDARD = "c++17";
				CLANG_CXX_LIBRARY = "libc++";
				CLANG_ENABLE_MODULES = YES;
				CLANG_ENABLE_OBJC_ARC = YES;
				CLANG_WARN_BLOCK_CAPTURE_AUTORELEASING = YES;
				CLANG_WARN_BOOL_CONVERSION = YES;
				CLANG_WARN_COMMA = YES;
				CLANG_WARN_CONSTANT_CONVERSION = YES;
				CLANG_WARN_DEPRECATED_OBJC_IMPLEMENTATIONS = YES;
				CLANG_WARN_DIRECT_OBJC_ISA_USAGE = YES_ERROR;
				CLANG_WARN_EMPTY_BODY = YES;
				CLANG_WARN_ENUM_CONVERSION = YES;
				CLANG_WARN_INFINITE_RECURSION = YES;
				CLANG_WARN_INT_CONVERSION = YES;
				CLANG_WARN_NON_LITERAL_NULL_CONVERSION = YES;
				CLANG_WARN_OBJC_IMPLICIT_RETAIN_SELF = YES;
				CLANG_WARN_OBJC_LITERAL_CONVERSION = YES;
				CLANG_WARN_OBJC_ROOT_CLASS = YES_ERROR;
				CLANG_WARN_QUOTED_INCLUDE_IN_FRAMEWORK_HEADER = YES;
				CLANG_WARN_RANGE_LOOP_ANALYSIS = YES;
				CLANG_WARN_STRICT_PROTOTYPES = YES;
				CLANG_WARN_SUSPICIOUS_MOVE = YES;
				CLANG_WARN_UNREACHABLE_CODE = YES;
				CLANG_WARN__DUPLICATE_METHOD_MATCH = YES;
				"CODE_SIGN_IDENTITY[sdk=iphoneos*]" = "iPhone Developer";
				COPY_PHASE_STRIP = YES;
				ENABLE_NS_ASSERTIONS = NO;
				ENABLE_STRICT_OBJC_MSGSEND = YES;
				"EXCLUDED_ARCHS[sdk=*]" = "arm64 i386";
				"EXCLUDED_ARCHS[sdk=iphonesimulator*]" = i386;
				GCC_C_LANGUAGE_STANDARD = gnu99;
				GCC_NO_COMMON_BLOCKS = YES;
				GCC_PREPROCESSOR_DEFINITIONS = (
					"$(inherited)",
					_LIBCPP_ENABLE_CXX17_REMOVED_UNARY_BINARY_FUNCTION,
				);
				GCC_WARN_64_TO_32_BIT_CONVERSION = YES;
				GCC_WARN_ABOUT_RETURN_TYPE = YES_ERROR;
				GCC_WARN_UNDECLARED_SELECTOR = YES;
				GCC_WARN_UNINITIALIZED_AUTOS = YES_AGGRESSIVE;
				GCC_WARN_UNUSED_FUNCTION = YES;
				GCC_WARN_UNUSED_VARIABLE = YES;
				GENERATE_INFOPLIST_FILE = NO;
				IPHONEOS_DEPLOYMENT_TARGET = 13.0;
				LD_RUNPATH_SEARCH_PATHS = (
					/usr/lib/swift,
					"$(inherited)",
				);
				LIBRARY_SEARCH_PATHS = (
					"\"$(SDKROOT)/usr/lib/swift\"",
					"\"$(TOOLCHAIN_DIR)/usr/lib/swift/$(PLATFORM_NAME)\"",
					"\"$(inherited)\"",
				);
				MTL_ENABLE_DEBUG_INFO = NO;
				OTHER_CFLAGS = "$(inherited)";
				OTHER_CPLUSPLUSFLAGS = (
					"$(OTHER_CFLAGS)",
					"-DFOLLY_NO_CONFIG",
					"-DFOLLY_MOBILE=1",
					"-DFOLLY_USE_LIBCPP=1",
				);
				OTHER_LDFLAGS = (
					"$(inherited)",
					"-Wl",
					"-ld_classic",
				);
				REACT_NATIVE_PATH = "${PODS_ROOT}/../../node_modules/react-native";
				SDKROOT = iphoneos;
				VALIDATE_PRODUCT = YES;
			};
			name = Release;
		};
/* End XCBuildConfiguration section */

/* Begin XCConfigurationList section */
		00E357021AD99517003FC87E /* Build configuration list for PBXNativeTarget "DMSTests" */ = {
			isa = XCConfigurationList;
			buildConfigurations = (
				00E356F61AD99517003FC87E /* Debug */,
				00E356F71AD99517003FC87E /* Release */,
			);
			defaultConfigurationIsVisible = 0;
			defaultConfigurationName = Release;
		};
		13B07F931A680F5B00A75B9A /* Build configuration list for PBXNativeTarget "DMS" */ = {
			isa = XCConfigurationList;
			buildConfigurations = (
				13B07F941A680F5B00A75B9A /* Debug */,
				13B07F951A680F5B00A75B9A /* Release */,
			);
			defaultConfigurationIsVisible = 0;
			defaultConfigurationName = Release;
		};
		83CBB9FA1A601CBA00E9B192 /* Build configuration list for PBXProject "DMS" */ = {
			isa = XCConfigurationList;
			buildConfigurations = (
				83CBBA201A601CBA00E9B192 /* Debug */,
				83CBBA211A601CBA00E9B192 /* Release */,
			);
			defaultConfigurationIsVisible = 0;
			defaultConfigurationName = Release;
		};
/* End XCConfigurationList section */
	};
	rootObject = 83CBB9F71A601CBA00E9B192 /* Project object */;
}
